
Microsoft Visual Studio Solution File, Format Version 12.00
# Visual Studio Version 17
VisualStudioVersion = 17.2.32516.85
MinimumVisualStudioVersion = 10.0.40219.1
Project("{FAE04EC0-301F-11D3-BF4B-00C04F79EFBC}") = "FinalProject", "FinalProject.csproj", "{807485F1-B3E2-4417-B8B1-244C107608CC}"
EndProject
Global
	GlobalSection(SolutionConfigurationPlatforms) = preSolution
		Debug|Any CPU = Debug|Any CPU
		Release|Any CPU = Release|Any CPU
	EndGlobalSection
	GlobalSection(ProjectConfigurationPlatforms) = postSolution
		{807485F1-B3E2-4417-B8B1-244C107608CC}.Debug|Any CPU.ActiveCfg = Debug|Any CPU
		{807485F1-B3E2-4417-B8B1-244C107608CC}.Debug|Any CPU.Build.0 = Debug|Any CPU
		{807485F1-B3E2-4417-B8B1-244C107608CC}.Release|Any CPU.ActiveCfg = Release|Any CPU
		{807485F1-B3E2-4417-B8B1-244C107608CC}.Release|Any CPU.Build.0 = Release|Any CPU
	EndGlobalSection
	GlobalSection(SolutionProperties) = preSolution
		HideSolutionNode = FALSE
	EndGlobalSection
	GlobalSection(ExtensibilityGlobals) = postSolution
		SolutionGuid = {53E317D7-7C91-4FB4-9B32-F0E1FD5F905F}
	EndGlobalSection
EndGlobal
